
Microsoft Visual Studio Solution File, Format Version 12.00
# Visual Studio 15
VisualStudioVersion = 15.0.28307.779
MinimumVisualStudioVersion = 10.0.40219.1
Project("{8BC9CEB8-8B4A-11D0-8D11-00A0C91BC942}") = "Class Employee", "Class Employee\Class Employee.vcxproj", "{A348AD3B-320F-4DE3-9C0C-E3678C24FBE5}"
EndProject
Global
	GlobalSection(SolutionConfigurationPlatforms) = preSolution
		Debug|x64 = Debug|x64
		Debug|x86 = Debug|x86
		Release|x64 = Release|x64
		Release|x86 = Release|x86
	EndGlobalSection
	GlobalSection(ProjectConfigurationPlatforms) = postSolution
		{A348AD3B-320F-4DE3-9C0C-E3678C24FBE5}.Debug|x64.ActiveCfg = Debug|x64
		{A348AD3B-320F-4DE3-9C0C-E3678C24FBE5}.Debug|x64.Build.0 = Debug|x64
		{A348AD3B-320F-4DE3-9C0C-E3678C24FBE5}.Debug|x86.ActiveCfg = Debug|Win32
		{A348AD3B-320F-4DE3-9C0C-E3678C24FBE5}.Debug|x86.Build.0 = Debug|Win32
		{A348AD3B-320F-4DE3-9C0C-E3678C24FBE5}.Release|x64.ActiveCfg = Release|x64
		{A348AD3B-320F-4DE3-9C0C-E3678C24FBE5}.Release|x64.Build.0 = Release|x64
		{A348AD3B-320F-4DE3-9C0C-E3678C24FBE5}.Release|x86.ActiveCfg = Release|Win32
		{A348AD3B-320F-4DE3-9C0C-E3678C24FBE5}.Release|x86.Build.0 = Release|Win32
	EndGlobalSection
	GlobalSection(SolutionProperties) = preSolution
		HideSolutionNode = FALSE
	EndGlobalSection
	GlobalSection(ExtensibilityGlobals) = postSolution
		SolutionGuid = {6042B71C-E03F-4737-8383-5871EEC14B6C}
	EndGlobalSection
EndGlobal
